
Microsoft Visual Studio Solution File, Format Version 12.00
# Visual Studio Version 17
VisualStudioVersion = 17.8.34316.72
MinimumVisualStudioVersion = 10.0.40219.1
Project("{9A19103F-16F7-4668-BE54-9A1E7A4F7556}") = "Entities", "Entities\Entities.csproj", "{1B308DAA-BF2C-4E02-B907-CE73C16BC32D}"
EndProject
Project("{9A19103F-16F7-4668-BE54-9A1E7A4F7556}") = "Core", "Core\Core.csproj", "{05B9A2FC-2D1F-42C5-886C-316A412C8EBF}"
EndProject
Project("{9A19103F-16F7-4668-BE54-9A1E7A4F7556}") = "DataAccess", "DataAccess\DataAccess.csproj", "{12672A6A-6AF4-4A77-A186-D423AE699A2C}"
EndProject
Project("{9A19103F-16F7-4668-BE54-9A1E7A4F7556}") = "Business", "Business\Business.csproj", "{4C9AE516-C844-454F-A057-8080504BADE9}"
EndProject
Project("{FAE04EC0-301F-11D3-BF4B-00C04F79EFBC}") = "WebApi", "WebApi\WebApi.csproj", "{E8A20A9F-3DD2-4A02-B9DE-082CAFCBDE29}"
EndProject
Global
	GlobalSection(SolutionConfigurationPlatforms) = preSolution
		Debug|Any CPU = Debug|Any CPU
		Release|Any CPU = Release|Any CPU
	EndGlobalSection
	GlobalSection(ProjectConfigurationPlatforms) = postSolution
		{1B308DAA-BF2C-4E02-B907-CE73C16BC32D}.Debug|Any CPU.ActiveCfg = Debug|Any CPU
		{1B308DAA-BF2C-4E02-B907-CE73C16BC32D}.Debug|Any CPU.Build.0 = Debug|Any CPU
		{1B308DAA-BF2C-4E02-B907-CE73C16BC32D}.Release|Any CPU.ActiveCfg = Release|Any CPU
		{1B308DAA-BF2C-4E02-B907-CE73C16BC32D}.Release|Any CPU.Build.0 = Release|Any CPU
		{05B9A2FC-2D1F-42C5-886C-316A412C8EBF}.Debug|Any CPU.ActiveCfg = Debug|Any CPU
		{05B9A2FC-2D1F-42C5-886C-316A412C8EBF}.Debug|Any CPU.Build.0 = Debug|Any CPU
		{05B9A2FC-2D1F-42C5-886C-316A412C8EBF}.Release|Any CPU.ActiveCfg = Release|Any CPU
		{05B9A2FC-2D1F-42C5-886C-316A412C8EBF}.Release|Any CPU.Build.0 = Release|Any CPU
		{12672A6A-6AF4-4A77-A186-D423AE699A2C}.Debug|Any CPU.ActiveCfg = Debug|Any CPU
		{12672A6A-6AF4-4A77-A186-D423AE699A2C}.Debug|Any CPU.Build.0 = Debug|Any CPU
		{12672A6A-6AF4-4A77-A186-D423AE699A2C}.Release|Any CPU.ActiveCfg = Release|Any CPU
		{12672A6A-6AF4-4A77-A186-D423AE699A2C}.Release|Any CPU.Build.0 = Release|Any CPU
		{4C9AE516-C844-454F-A057-8080504BADE9}.Debug|Any CPU.ActiveCfg = Debug|Any CPU
		{4C9AE516-C844-454F-A057-8080504BADE9}.Debug|Any CPU.Build.0 = Debug|Any CPU
		{4C9AE516-C844-454F-A057-8080504BADE9}.Release|Any CPU.ActiveCfg = Release|Any CPU
		{4C9AE516-C844-454F-A057-8080504BADE9}.Release|Any CPU.Build.0 = Release|Any CPU
		{E8A20A9F-3DD2-4A02-B9DE-082CAFCBDE29}.Debug|Any CPU.ActiveCfg = Debug|Any CPU
		{E8A20A9F-3DD2-4A02-B9DE-082CAFCBDE29}.Debug|Any CPU.Build.0 = Debug|Any CPU
		{E8A20A9F-3DD2-4A02-B9DE-082CAFCBDE29}.Release|Any CPU.ActiveCfg = Release|Any CPU
		{E8A20A9F-3DD2-4A02-B9DE-082CAFCBDE29}.Release|Any CPU.Build.0 = Release|Any CPU
	EndGlobalSection
	GlobalSection(SolutionProperties) = preSolution
		HideSolutionNode = FALSE
	EndGlobalSection
	GlobalSection(ExtensibilityGlobals) = postSolution
		SolutionGuid = {245D4EDF-8796-4585-ACE6-6C9554148CD0}
	EndGlobalSection
EndGlobal
